
Microsoft Visual Studio Solution File, Format Version 12.00
# Visual Studio Version 17
VisualStudioVersion = 17.5.33414.496
MinimumVisualStudioVersion = 10.0.40219.1
Project("{9A19103F-16F7-4668-BE54-9A1E7A4F7556}") = "RecipeApi", "RecipeApi\RecipeApi.csproj", "{7B962FA2-91D8-4215-B736-C0A0470B7A77}"
EndProject
Project("{9A19103F-16F7-4668-BE54-9A1E7A4F7556}") = "RecipeAppData", "RecipeAppClassLibrary\RecipeAppData.csproj", "{FEF90F37-A708-4623-B3D7-1E2282D9850E}"
EndProject
Project("{FAE04EC0-301F-11D3-BF4B-00C04F79EFBC}") = "ServicesLayer", "Services\ServicesLayer.csproj", "{19DB07C0-BAA6-445B-B00D-B4A5E25ED3C0}"
EndProject
Project("{FAE04EC0-301F-11D3-BF4B-00C04F79EFBC}") = "Shared", "Shared\Shared.csproj", "{889C1627-E213-496E-88DD-6B50F4C91EF9}"
EndProject
Global
	GlobalSection(SolutionConfigurationPlatforms) = preSolution
		Debug|Any CPU = Debug|Any CPU
		Release|Any CPU = Release|Any CPU
	EndGlobalSection
	GlobalSection(ProjectConfigurationPlatforms) = postSolution
		{7B962FA2-91D8-4215-B736-C0A0470B7A77}.Debug|Any CPU.ActiveCfg = Debug|Any CPU
		{7B962FA2-91D8-4215-B736-C0A0470B7A77}.Debug|Any CPU.Build.0 = Debug|Any CPU
		{7B962FA2-91D8-4215-B736-C0A0470B7A77}.Release|Any CPU.ActiveCfg = Release|Any CPU
		{7B962FA2-91D8-4215-B736-C0A0470B7A77}.Release|Any CPU.Build.0 = Release|Any CPU
		{FEF90F37-A708-4623-B3D7-1E2282D9850E}.Debug|Any CPU.ActiveCfg = Debug|Any CPU
		{FEF90F37-A708-4623-B3D7-1E2282D9850E}.Debug|Any CPU.Build.0 = Debug|Any CPU
		{FEF90F37-A708-4623-B3D7-1E2282D9850E}.Release|Any CPU.ActiveCfg = Release|Any CPU
		{FEF90F37-A708-4623-B3D7-1E2282D9850E}.Release|Any CPU.Build.0 = Release|Any CPU
		{19DB07C0-BAA6-445B-B00D-B4A5E25ED3C0}.Debug|Any CPU.ActiveCfg = Debug|Any CPU
		{19DB07C0-BAA6-445B-B00D-B4A5E25ED3C0}.Debug|Any CPU.Build.0 = Debug|Any CPU
		{19DB07C0-BAA6-445B-B00D-B4A5E25ED3C0}.Release|Any CPU.ActiveCfg = Release|Any CPU
		{19DB07C0-BAA6-445B-B00D-B4A5E25ED3C0}.Release|Any CPU.Build.0 = Release|Any CPU
		{889C1627-E213-496E-88DD-6B50F4C91EF9}.Debug|Any CPU.ActiveCfg = Debug|Any CPU
		{889C1627-E213-496E-88DD-6B50F4C91EF9}.Debug|Any CPU.Build.0 = Debug|Any CPU
		{889C1627-E213-496E-88DD-6B50F4C91EF9}.Release|Any CPU.ActiveCfg = Release|Any CPU
		{889C1627-E213-496E-88DD-6B50F4C91EF9}.Release|Any CPU.Build.0 = Release|Any CPU
	EndGlobalSection
	GlobalSection(SolutionProperties) = preSolution
		HideSolutionNode = FALSE
	EndGlobalSection
	GlobalSection(ExtensibilityGlobals) = postSolution
		SolutionGuid = {067D2147-B99B-4DDF-A918-6D18CBD71C8C}
	EndGlobalSection
EndGlobal
