
Microsoft Visual Studio Solution File, Format Version 12.00
# Visual Studio Version 17
VisualStudioVersion = 17.5.33414.496
MinimumVisualStudioVersion = 10.0.40219.1
Project("{FAE04EC0-301F-11D3-BF4B-00C04F79EFBC}") = "RecipeApi", "RecipeApi\RecipeApi.csproj", "{7B962FA2-91D8-4215-B736-C0A0470B7A77}"
EndProject
Project("{FAE04EC0-301F-11D3-BF4B-00C04F79EFBC}") = "RecipeAppClassLibrary", "RecipeAppClassLibrary\RecipeAppClassLibrary.csproj", "{FEF90F37-A708-4623-B3D7-1E2282D9850E}"
EndProject
Global
	GlobalSection(SolutionConfigurationPlatforms) = preSolution
		Debug|Any CPU = Debug|Any CPU
		Release|Any CPU = Release|Any CPU
	EndGlobalSection
	GlobalSection(ProjectConfigurationPlatforms) = postSolution
		{7B962FA2-91D8-4215-B736-C0A0470B7A77}.Debug|Any CPU.ActiveCfg = Debug|Any CPU
		{7B962FA2-91D8-4215-B736-C0A0470B7A77}.Debug|Any CPU.Build.0 = Debug|Any CPU
		{7B962FA2-91D8-4215-B736-C0A0470B7A77}.Release|Any CPU.ActiveCfg = Release|Any CPU
		{7B962FA2-91D8-4215-B736-C0A0470B7A77}.Release|Any CPU.Build.0 = Release|Any CPU
		{FEF90F37-A708-4623-B3D7-1E2282D9850E}.Debug|Any CPU.ActiveCfg = Debug|Any CPU
		{FEF90F37-A708-4623-B3D7-1E2282D9850E}.Debug|Any CPU.Build.0 = Debug|Any CPU
		{FEF90F37-A708-4623-B3D7-1E2282D9850E}.Release|Any CPU.ActiveCfg = Release|Any CPU
		{FEF90F37-A708-4623-B3D7-1E2282D9850E}.Release|Any CPU.Build.0 = Release|Any CPU
	EndGlobalSection
	GlobalSection(SolutionProperties) = preSolution
		HideSolutionNode = FALSE
	EndGlobalSection
	GlobalSection(ExtensibilityGlobals) = postSolution
		SolutionGuid = {067D2147-B99B-4DDF-A918-6D18CBD71C8C}
	EndGlobalSection
EndGlobal
